// !$*UTF8*$!
{
	archiveVersion = 1;
	classes = {
	};
	objectVersion = 55;
	objects = {

/* Begin PBXBuildFile section */
		20138FC9277AC4BE00932D03 /* AppDelegate.swift in Sources */ = {isa = PBXBuildFile; fileRef = 20138FC8277AC4BE00932D03 /* AppDelegate.swift */; };
		20138FCB277AC4BE00932D03 /* SceneDelegate.swift in Sources */ = {isa = PBXBuildFile; fileRef = 20138FCA277AC4BE00932D03 /* SceneDelegate.swift */; };
		20138FCD277AC4BE00932D03 /* ViewController.swift in Sources */ = {isa = PBXBuildFile; fileRef = 20138FCC277AC4BE00932D03 /* ViewController.swift */; };
		20138FD0277AC4BE00932D03 /* Main.storyboard in Resources */ = {isa = PBXBuildFile; fileRef = 20138FCE277AC4BE00932D03 /* Main.storyboard */; };
		20138FD3277AC4BE00932D03 /* CliMate.xcdatamodeld in Sources */ = {isa = PBXBuildFile; fileRef = 20138FD1277AC4BE00932D03 /* CliMate.xcdatamodeld */; };
		20138FD5277AC4C300932D03 /* Assets.xcassets in Resources */ = {isa = PBXBuildFile; fileRef = 20138FD4277AC4C300932D03 /* Assets.xcassets */; };
		20138FD8277AC4C300932D03 /* LaunchScreen.storyboard in Resources */ = {isa = PBXBuildFile; fileRef = 20138FD6277AC4C300932D03 /* LaunchScreen.storyboard */; };
		20138FE0277AC6FB00932D03 /* WeatherManger.swift in Sources */ = {isa = PBXBuildFile; fileRef = 20138FDF277AC6FB00932D03 /* WeatherManger.swift */; };
		20138FE5277AC7DC00932D03 /* weatherData.swift in Sources */ = {isa = PBXBuildFile; fileRef = 20138FE4277AC7DC00932D03 /* weatherData.swift */; };
		20138FE7277AC80B00932D03 /* WeatherModel.swift in Sources */ = {isa = PBXBuildFile; fileRef = 20138FE6277AC80B00932D03 /* WeatherModel.swift */; };
		20261A6E27B80CC4002F5982 /* Constants.swift in Sources */ = {isa = PBXBuildFile; fileRef = 20261A6D27B80CC4002F5982 /* Constants.swift */; };
/* End PBXBuildFile section */

/* Begin PBXFileReference section */
		20138FC5277AC4BE00932D03 /* CliMate.app */ = {isa = PBXFileReference; explicitFileType = wrapper.application; includeInIndex = 0; path = CliMate.app; sourceTree = BUILT_PRODUCTS_DIR; };
		20138FC8277AC4BE00932D03 /* AppDelegate.swift */ = {isa = PBXFileReference; lastKnownFileType = sourcecode.swift; path = AppDelegate.swift; sourceTree = "<group>"; };
		20138FCA277AC4BE00932D03 /* SceneDelegate.swift */ = {isa = PBXFileReference; lastKnownFileType = sourcecode.swift; path = SceneDelegate.swift; sourceTree = "<group>"; };
		20138FCC277AC4BE00932D03 /* ViewController.swift */ = {isa = PBXFileReference; lastKnownFileType = sourcecode.swift; path = ViewController.swift; sourceTree = "<group>"; };
		20138FCF277AC4BE00932D03 /* Base */ = {isa = PBXFileReference; lastKnownFileType = file.storyboard; name = Base; path = Base.lproj/Main.storyboard; sourceTree = "<group>"; };
		20138FD2277AC4BE00932D03 /* CliMate.xcdatamodel */ = {isa = PBXFileReference; lastKnownFileType = wrapper.xcdatamodel; path = CliMate.xcdatamodel; sourceTree = "<group>"; };
		20138FD4277AC4C300932D03 /* Assets.xcassets */ = {isa = PBXFileReference; lastKnownFileType = folder.assetcatalog; path = Assets.xcassets; sourceTree = "<group>"; };
		20138FD7277AC4C300932D03 /* Base */ = {isa = PBXFileReference; lastKnownFileType = file.storyboard; name = Base; path = Base.lproj/LaunchScreen.storyboard; sourceTree = "<group>"; };
		20138FD9277AC4C300932D03 /* Info.plist */ = {isa = PBXFileReference; lastKnownFileType = text.plist.xml; path = Info.plist; sourceTree = "<group>"; };
		20138FDF277AC6FB00932D03 /* WeatherManger.swift */ = {isa = PBXFileReference; lastKnownFileType = sourcecode.swift; path = WeatherManger.swift; sourceTree = "<group>"; };
		20138FE4277AC7DC00932D03 /* weatherData.swift */ = {isa = PBXFileReference; lastKnownFileType = sourcecode.swift; path = weatherData.swift; sourceTree = "<group>"; };
		20138FE6277AC80B00932D03 /* WeatherModel.swift */ = {isa = PBXFileReference; lastKnownFileType = sourcecode.swift; path = WeatherModel.swift; sourceTree = "<group>"; };
		20261A6D27B80CC4002F5982 /* Constants.swift */ = {isa = PBXFileReference; lastKnownFileType = sourcecode.swift; path = Constants.swift; sourceTree = "<group>"; };
/* End PBXFileReference section */

/* Begin PBXFrameworksBuildPhase section */
		20138FC2277AC4BE00932D03 /* Frameworks */ = {
			isa = PBXFrameworksBuildPhase;
			buildActionMask = 2147483647;
			files = (
			);
			runOnlyForDeploymentPostprocessing = 0;
		};
/* End PBXFrameworksBuildPhase section */

/* Begin PBXGroup section */
		20138FBC277AC4BE00932D03 = {
			isa = PBXGroup;
			children = (
				20138FC7277AC4BE00932D03 /* CliMate */,
				20138FC6277AC4BE00932D03 /* Products */,
			);
			sourceTree = "<group>";
		};
		20138FC6277AC4BE00932D03 /* Products */ = {
			isa = PBXGroup;
			children = (
				20138FC5277AC4BE00932D03 /* CliMate.app */,
			);
			name = Products;
			sourceTree = "<group>";
		};
		20138FC7277AC4BE00932D03 /* CliMate */ = {
			isa = PBXGroup;
			children = (
				20138FC8277AC4BE00932D03 /* AppDelegate.swift */,
				20138FCA277AC4BE00932D03 /* SceneDelegate.swift */,
				20138FE1277AC71200932D03 /* Model */,
				20138FE3277AC73C00932D03 /* View */,
				20138FE2277AC72C00932D03 /* Controller */,
				20138FD4277AC4C300932D03 /* Assets.xcassets */,
				20138FD6277AC4C300932D03 /* LaunchScreen.storyboard */,
				20138FD9277AC4C300932D03 /* Info.plist */,
				20138FD1277AC4BE00932D03 /* CliMate.xcdatamodeld */,
			);
			path = CliMate;
			sourceTree = "<group>";
		};
		20138FE1277AC71200932D03 /* Model */ = {
			isa = PBXGroup;
			children = (
				20138FDF277AC6FB00932D03 /* WeatherManger.swift */,
				20138FE4277AC7DC00932D03 /* weatherData.swift */,
				20138FE6277AC80B00932D03 /* WeatherModel.swift */,
				20261A6D27B80CC4002F5982 /* Constants.swift */,
			);
			name = Model;
			sourceTree = "<group>";
		};
		20138FE2277AC72C00932D03 /* Controller */ = {
			isa = PBXGroup;
			children = (
				20138FCC277AC4BE00932D03 /* ViewController.swift */,
			);
			name = Controller;
			sourceTree = "<group>";
		};
		20138FE3277AC73C00932D03 /* View */ = {
			isa = PBXGroup;
			children = (
				20138FCE277AC4BE00932D03 /* Main.storyboard */,
			);
			name = View;
			sourceTree = "<group>";
		};
/* End PBXGroup section */

/* Begin PBXNativeTarget section */
		20138FC4277AC4BE00932D03 /* CliMate */ = {
			isa = PBXNativeTarget;
			buildConfigurationList = 20138FDC277AC4C300932D03 /* Build configuration list for PBXNativeTarget "CliMate" */;
			buildPhases = (
				20138FC1277AC4BE00932D03 /* Sources */,
				20138FC2277AC4BE00932D03 /* Frameworks */,
				20138FC3277AC4BE00932D03 /* Resources */,
			);
			buildRules = (
			);
			dependencies = (
			);
			name = CliMate;
			productName = CliMate;
			productReference = 20138FC5277AC4BE00932D03 /* CliMate.app */;
			productType = "com.apple.product-type.application";
		};
/* End PBXNativeTarget section */

/* Begin PBXProject section */
		20138FBD277AC4BE00932D03 /* Project object */ = {
			isa = PBXProject;
			attributes = {
				BuildIndependentTargetsInParallel = 1;
				LastSwiftUpdateCheck = 1320;
				LastUpgradeCheck = 1320;
				TargetAttributes = {
					20138FC4277AC4BE00932D03 = {
						CreatedOnToolsVersion = 13.2.1;
					};
				};
			};
			buildConfigurationList = 20138FC0277AC4BE00932D03 /* Build configuration list for PBXProject "CliMate" */;
			compatibilityVersion = "Xcode 13.0";
			developmentRegion = en;
			hasScannedForEncodings = 0;
			knownRegions = (
				en,
				Base,
			);
			mainGroup = 20138FBC277AC4BE00932D03;
			productRefGroup = 20138FC6277AC4BE00932D03 /* Products */;
			projectDirPath = "";
			projectRoot = "";
			targets = (
				20138FC4277AC4BE00932D03 /* CliMate */,
			);
		};
/* End PBXProject section */

/* Begin PBXResourcesBuildPhase section */
		20138FC3277AC4BE00932D03 /* Resources */ = {
			isa = PBXResourcesBuildPhase;
			buildActionMask = 2147483647;
			files = (
				20138FD8277AC4C300932D03 /* LaunchScreen.storyboard in Resources */,
				20138FD5277AC4C300932D03 /* Assets.xcassets in Resources */,
				20138FD0277AC4BE00932D03 /* Main.storyboard in Resources */,
			);
			runOnlyForDeploymentPostprocessing = 0;
		};
/* End PBXResourcesBuildPhase section */

/* Begin PBXSourcesBuildPhase section */
		20138FC1277AC4BE00932D03 /* Sources */ = {
			isa = PBXSourcesBuildPhase;
			buildActionMask = 2147483647;
			files = (
				20138FCD277AC4BE00932D03 /* ViewController.swift in Sources */,
				20138FC9277AC4BE00932D03 /* AppDelegate.swift in Sources */,
				20138FE5277AC7DC00932D03 /* weatherData.swift in Sources */,
				20138FE7277AC80B00932D03 /* WeatherModel.swift in Sources */,
				20138FCB277AC4BE00932D03 /* SceneDelegate.swift in Sources */,
				20138FD3277AC4BE00932D03 /* CliMate.xcdatamodeld in Sources */,
				20138FE0277AC6FB00932D03 /* WeatherManger.swift in Sources */,
				20261A6E27B80CC4002F5982 /* Constants.swift in Sources */,
			);
			runOnlyForDeploymentPostprocessing = 0;
		};
/* End PBXSourcesBuildPhase section */

/* Begin PBXVariantGroup section */
		20138FCE277AC4BE00932D03 /* Main.storyboard */ = {
			isa = PBXVariantGroup;
			children = (
				20138FCF277AC4BE00932D03 /* Base */,
			);
			name = Main.storyboard;
			sourceTree = "<group>";
		};
		20138FD6277AC4C300932D03 /* LaunchScreen.storyboard */ = {
			isa = PBXVariantGroup;
			children = (
				20138FD7277AC4C300932D03 /* Base */,
			);
			name = LaunchScreen.storyboard;
			sourceTree = "<group>";
		};
/* End PBXVariantGroup section */

/* Begin XCBuildConfiguration section */
		20138FDA277AC4C300932D03 /* Debug */ = {
			isa = XCBuildConfiguration;
			buildSettings = {
				ALWAYS_SEARCH_USER_PATHS = NO;
				CLANG_ANALYZER_NONNULL = YES;
				CLANG_ANALYZER_NUMBER_OBJECT_CONVERSION = YES_AGGRESSIVE;
				CLANG_CXX_LANGUAGE_STANDARD = "gnu++17";
				CLANG_CXX_LIBRARY = "libc++";
				CLANG_ENABLE_MODULES = YES;
				CLANG_ENABLE_OBJC_ARC = YES;
				CLANG_ENABLE_OBJC_WEAK = YES;
				CLANG_WARN_BLOCK_CAPTURE_AUTORELEASING = YES;
				CLANG_WARN_BOOL_CONVERSION = YES;
				CLANG_WARN_COMMA = YES;
				CLANG_WARN_CONSTANT_CONVERSION = YES;
				CLANG_WARN_DEPRECATED_OBJC_IMPLEMENTATIONS = YES;
				CLANG_WARN_DIRECT_OBJC_ISA_USAGE = YES_ERROR;
				CLANG_WARN_DOCUMENTATION_COMMENTS = YES;
				CLANG_WARN_EMPTY_BODY = YES;
				CLANG_WARN_ENUM_CONVERSION = YES;
				CLANG_WARN_INFINITE_RECURSION = YES;
				CLANG_WARN_INT_CONVERSION = YES;
				CLANG_WARN_NON_LITERAL_NULL_CONVERSION = YES;
				CLANG_WARN_OBJC_IMPLICIT_RETAIN_SELF = YES;
				CLANG_WARN_OBJC_LITERAL_CONVERSION = YES;
				CLANG_WARN_OBJC_ROOT_CLASS = YES_ERROR;
				CLANG_WARN_QUOTED_INCLUDE_IN_FRAMEWORK_HEADER = YES;
				CLANG_WARN_RANGE_LOOP_ANALYSIS = YES;
				CLANG_WARN_STRICT_PROTOTYPES = YES;
				CLANG_WARN_SUSPICIOUS_MOVE = YES;
				CLANG_WARN_UNGUARDED_AVAILABILITY = YES_AGGRESSIVE;
				CLANG_WARN_UNREACHABLE_CODE = YES;
				CLANG_WARN__DUPLICATE_METHOD_MATCH = YES;
				COPY_PHASE_STRIP = NO;
				DEBUG_INFORMATION_FORMAT = dwarf;
				ENABLE_STRICT_OBJC_MSGSEND = YES;
				ENABLE_TESTABILITY = YES;
				GCC_C_LANGUAGE_STANDARD = gnu11;
				GCC_DYNAMIC_NO_PIC = NO;
				GCC_NO_COMMON_BLOCKS = YES;
				GCC_OPTIMIZATION_LEVEL = 0;
				GCC_PREPROCESSOR_DEFINITIONS = (
					"DEBUG=1",
					"$(inherited)",
				);
				GCC_WARN_64_TO_32_BIT_CONVERSION = YES;
				GCC_WARN_ABOUT_RETURN_TYPE = YES_ERROR;
				GCC_WARN_UNDECLARED_SELECTOR = YES;
				GCC_WARN_UNINITIALIZED_AUTOS = YES_AGGRESSIVE;
				GCC_WARN_UNUSED_FUNCTION = YES;
				GCC_WARN_UNUSED_VARIABLE = YES;
				IPHONEOS_DEPLOYMENT_TARGET = 15.2;
				MTL_ENABLE_DEBUG_INFO = INCLUDE_SOURCE;
				MTL_FAST_MATH = YES;
				ONLY_ACTIVE_ARCH = YES;
				SDKROOT = iphoneos;
				SWIFT_ACTIVE_COMPILATION_CONDITIONS = DEBUG;
				SWIFT_OPTIMIZATION_LEVEL = "-Onone";
			};
			name = Debug;
		};
		20138FDB277AC4C300932D03 /* Release */ = {
			isa = XCBuildConfiguration;
			buildSettings = {
				ALWAYS_SEARCH_USER_PATHS = NO;
				CLANG_ANALYZER_NONNULL = YES;
				CLANG_ANALYZER_NUMBER_OBJECT_CONVERSION = YES_AGGRESSIVE;
				CLANG_CXX_LANGUAGE_STANDARD = "gnu++17";
				CLANG_CXX_LIBRARY = "libc++";
				CLANG_ENABLE_MODULES = YES;
				CLANG_ENABLE_OBJC_ARC = YES;
				CLANG_ENABLE_OBJC_WEAK = YES;
				CLANG_WARN_BLOCK_CAPTURE_AUTORELEASING = YES;
				CLANG_WARN_BOOL_CONVERSION = YES;
				CLANG_WARN_COMMA = YES;
				CLANG_WARN_CONSTANT_CONVERSION = YES;
				CLANG_WARN_DEPRECATED_OBJC_IMPLEMENTATIONS = YES;
				CLANG_WARN_DIRECT_OBJC_ISA_USAGE = YES_ERROR;
				CLANG_WARN_DOCUMENTATION_COMMENTS = YES;
				CLANG_WARN_EMPTY_BODY = YES;
				CLANG_WARN_ENUM_CONVERSION = YES;
				CLANG_WARN_INFINITE_RECURSION = YES;
				CLANG_WARN_INT_CONVERSION = YES;
				CLANG_WARN_NON_LITERAL_NULL_CONVERSION = YES;
				CLANG_WARN_OBJC_IMPLICIT_RETAIN_SELF = YES;
				CLANG_WARN_OBJC_LITERAL_CONVERSION = YES;
				CLANG_WARN_OBJC_ROOT_CLASS = YES_ERROR;
				CLANG_WARN_QUOTED_INCLUDE_IN_FRAMEWORK_HEADER = YES;
				CLANG_WARN_RANGE_LOOP_ANALYSIS = YES;
				CLANG_WARN_STRICT_PROTOTYPES = YES;
				CLANG_WARN_SUSPICIOUS_MOVE = YES;
				CLANG_WARN_UNGUARDED_AVAILABILITY = YES_AGGRESSIVE;
				CLANG_WARN_UNREACHABLE_CODE = YES;
				CLANG_WARN__DUPLICATE_METHOD_MATCH = YES;
				COPY_PHASE_STRIP = NO;
				DEBUG_INFORMATION_FORMAT = "dwarf-with-dsym";
				ENABLE_NS_ASSERTIONS = NO;
				ENABLE_STRICT_OBJC_MSGSEND = YES;
				GCC_C_LANGUAGE_STANDARD = gnu11;
				GCC_NO_COMMON_BLOCKS = YES;
				GCC_WARN_64_TO_32_BIT_CONVERSION = YES;
				GCC_WARN_ABOUT_RETURN_TYPE = YES_ERROR;
				GCC_WARN_UNDECLARED_SELECTOR = YES;
				GCC_WARN_UNINITIALIZED_AUTOS = YES_AGGRESSIVE;
				GCC_WARN_UNUSED_FUNCTION = YES;
				GCC_WARN_UNUSED_VARIABLE = YES;
				IPHONEOS_DEPLOYMENT_TARGET = 15.2;
				MTL_ENABLE_DEBUG_INFO = NO;
				MTL_FAST_MATH = YES;
				SDKROOT = iphoneos;
				SWIFT_COMPILATION_MODE = wholemodule;
				SWIFT_OPTIMIZATION_LEVEL = "-O";
				VALIDATE_PRODUCT = YES;
			};
			name = Release;
		};
		20138FDD277AC4C300932D03 /* Debug */ = {
			isa = XCBuildConfiguration;
			buildSettings = {
				ASSETCATALOG_COMPILER_APPICON_NAME = AppIcon;
				ASSETCATALOG_COMPILER_GLOBAL_ACCENT_COLOR_NAME = AccentColor;
				CODE_SIGN_STYLE = Automatic;
				CURRENT_PROJECT_VERSION = 1;
				DEVELOPMENT_TEAM = 5TAK8S22WG;
				GENERATE_INFOPLIST_FILE = YES;
				INFOPLIST_FILE = CliMate/Info.plist;
				INFOPLIST_KEY_UIApplicationSupportsIndirectInputEvents = YES;
				INFOPLIST_KEY_UILaunchStoryboardName = LaunchScreen;
				INFOPLIST_KEY_UIMainStoryboardFile = Main;
				INFOPLIST_KEY_UISupportedInterfaceOrientations_iPad = "UIInterfaceOrientationPortrait UIInterfaceOrientationPortraitUpsideDown UIInterfaceOrientationLandscapeLeft UIInterfaceOrientationLandscapeRight";
				INFOPLIST_KEY_UISupportedInterfaceOrientations_iPhone = "UIInterfaceOrientationPortrait UIInterfaceOrientationLandscapeLeft UIInterfaceOrientationLandscapeRight";
				LD_RUNPATH_SEARCH_PATHS = (
					"$(inherited)",
					"@executable_path/Frameworks",
				);
				MARKETING_VERSION = 1.0;
				PRODUCT_BUNDLE_IDENTIFIER = Raunaq.CliMate;
				PRODUCT_NAME = "$(TARGET_NAME)";
				SWIFT_EMIT_LOC_STRINGS = YES;
				SWIFT_VERSION = 5.0;
				TARGETED_DEVICE_FAMILY = "1,2";
			};
			name = Debug;
		};
		20138FDE277AC4C300932D03 /* Release */ = {
			isa = XCBuildConfiguration;
			buildSettings = {
				ASSETCATALOG_COMPILER_APPICON_NAME = AppIcon;
				ASSETCATALOG_COMPILER_GLOBAL_ACCENT_COLOR_NAME = AccentColor;
				CODE_SIGN_STYLE = Automatic;
				CURRENT_PROJECT_VERSION = 1;
				DEVELOPMENT_TEAM = 5TAK8S22WG;
				GENERATE_INFOPLIST_FILE = YES;
				INFOPLIST_FILE = CliMate/Info.plist;
				INFOPLIST_KEY_UIApplicationSupportsIndirectInputEvents = YES;
				INFOPLIST_KEY_UILaunchStoryboardName = LaunchScreen;
				INFOPLIST_KEY_UIMainStoryboardFile = Main;
				INFOPLIST_KEY_UISupportedInterfaceOrientations_iPad = "UIInterfaceOrientationPortrait UIInterfaceOrientationPortraitUpsideDown UIInterfaceOrientationLandscapeLeft UIInterfaceOrientationLandscapeRight";
				INFOPLIST_KEY_UISupportedInterfaceOrientations_iPhone = "UIInterfaceOrientationPortrait UIInterfaceOrientationLandscapeLeft UIInterfaceOrientationLandscapeRight";
				LD_RUNPATH_SEARCH_PATHS = (
					"$(inherited)",
					"@executable_path/Frameworks",
				);
				MARKETING_VERSION = 1.0;
				PRODUCT_BUNDLE_IDENTIFIER = Raunaq.CliMate;
				PRODUCT_NAME = "$(TARGET_NAME)";
				SWIFT_EMIT_LOC_STRINGS = YES;
				SWIFT_VERSION = 5.0;
				TARGETED_DEVICE_FAMILY = "1,2";
			};
			name = Release;
		};
/* End XCBuildConfiguration section */

/* Begin XCConfigurationList section */
		20138FC0277AC4BE00932D03 /* Build configuration list for PBXProject "CliMate" */ = {
			isa = XCConfigurationList;
			buildConfigurations = (
				20138FDA277AC4C300932D03 /* Debug */,
				20138FDB277AC4C300932D03 /* Release */,
			);
			defaultConfigurationIsVisible = 0;
			defaultConfigurationName = Release;
		};
		20138FDC277AC4C300932D03 /* Build configuration list for PBXNativeTarget "CliMate" */ = {
			isa = XCConfigurationList;
			buildConfigurations = (
				20138FDD277AC4C300932D03 /* Debug */,
				20138FDE277AC4C300932D03 /* Release */,
			);
			defaultConfigurationIsVisible = 0;
			defaultConfigurationName = Release;
		};
/* End XCConfigurationList section */

/* Begin XCVersionGroup section */
		20138FD1277AC4BE00932D03 /* CliMate.xcdatamodeld */ = {
			isa = XCVersionGroup;
			children = (
				20138FD2277AC4BE00932D03 /* CliMate.xcdatamodel */,
			);
			currentVersion = 20138FD2277AC4BE00932D03 /* CliMate.xcdatamodel */;
			path = CliMate.xcdatamodeld;
			sourceTree = "<group>";
			versionGroupType = wrapper.xcdatamodel;
		};
/* End XCVersionGroup section */
	};
	rootObject = 20138FBD277AC4BE00932D03 /* Project object */;
}
